{
    "version": 4,
    "terraform_version": "1.1.2",
    "serial": 1,
    "lineage": "68550b0f-2523-1481-3de6-ab7168ffa632",
    "outputs": {},
    "resources": [
      {
        "mode": "managed",
        "type": "azurerm_resource_group",
        "name": "rg",
        "provider": "provider[\"registry.terraform.io/hashicorp/azurerm\"]",
        "instances": [
          {
            "schema_version": 0,
            "attributes": {
              "id": "/subscriptions/afd3429c-9184-4a3d-a1eb-486eafa7f74b/resourceGroups/rg-terraform-001",
              "location": "westeurope",
              "name": "rg-terraform-002",
              "tags": null,
              "timeouts": null
            },
            "sensitive_attributes": [],
            "private": "eyJlMmJmYjczMC1lY2FhLTExZTYtOGY4OC0zNDM2M2JjN2M0YzAiOnsiY3JlYXRlIjo1NDAwMDAwMDAwMDAwLCJkZWxldGUiOjU0MDAwMDAwMDAwMDAsInJlYWQiOjMwMDAwMDAwMDAwMCwidXBkYXRlIjo1NDAwMDAwMDAwMDAwfX0="
          }
        ]
      }
    ]
  }